
Microsoft Visual Studio Solution File, Format Version 12.00
# Visual Studio 15
VisualStudioVersion = 15.0.27130.0
MinimumVisualStudioVersion = 10.0.40219.1
Project("{FAE04EC0-301F-11D3-BF4B-00C04F79EFBC}") = "MyContactsWPF", "MyContacts\MyContactsWPF.csproj", "{FDECDBEE-FC84-467D-90B8-F642F8235009}"
EndProject
Project("{FAE04EC0-301F-11D3-BF4B-00C04F79EFBC}") = "MyContactsBL", "MyContactsBL\MyContactsBL.csproj", "{578387D2-E375-4657-8216-DEBEF089D2B7}"
EndProject
Project("{FAE04EC0-301F-11D3-BF4B-00C04F79EFBC}") = "MyContactsDB", "MyContactsDB\MyContactsDB.csproj", "{B9BDDE0B-9A68-4E39-BD79-DF5F247F35E5}"
EndProject
Global
	GlobalSection(SolutionConfigurationPlatforms) = preSolution
		Debug|Any CPU = Debug|Any CPU
		Release|Any CPU = Release|Any CPU
	EndGlobalSection
	GlobalSection(ProjectConfigurationPlatforms) = postSolution
		{FDECDBEE-FC84-467D-90B8-F642F8235009}.Debug|Any CPU.ActiveCfg = Debug|Any CPU
		{FDECDBEE-FC84-467D-90B8-F642F8235009}.Debug|Any CPU.Build.0 = Debug|Any CPU
		{FDECDBEE-FC84-467D-90B8-F642F8235009}.Release|Any CPU.ActiveCfg = Release|Any CPU
		{FDECDBEE-FC84-467D-90B8-F642F8235009}.Release|Any CPU.Build.0 = Release|Any CPU
		{578387D2-E375-4657-8216-DEBEF089D2B7}.Debug|Any CPU.ActiveCfg = Debug|Any CPU
		{578387D2-E375-4657-8216-DEBEF089D2B7}.Debug|Any CPU.Build.0 = Debug|Any CPU
		{578387D2-E375-4657-8216-DEBEF089D2B7}.Release|Any CPU.ActiveCfg = Release|Any CPU
		{578387D2-E375-4657-8216-DEBEF089D2B7}.Release|Any CPU.Build.0 = Release|Any CPU
		{B9BDDE0B-9A68-4E39-BD79-DF5F247F35E5}.Debug|Any CPU.ActiveCfg = Debug|Any CPU
		{B9BDDE0B-9A68-4E39-BD79-DF5F247F35E5}.Debug|Any CPU.Build.0 = Debug|Any CPU
		{B9BDDE0B-9A68-4E39-BD79-DF5F247F35E5}.Release|Any CPU.ActiveCfg = Release|Any CPU
		{B9BDDE0B-9A68-4E39-BD79-DF5F247F35E5}.Release|Any CPU.Build.0 = Release|Any CPU
	EndGlobalSection
	GlobalSection(SolutionProperties) = preSolution
		HideSolutionNode = FALSE
	EndGlobalSection
	GlobalSection(ExtensibilityGlobals) = postSolution
		SolutionGuid = {EDB1B276-C6C6-4E69-B93B-6DDDDBB17DB0}
	EndGlobalSection
EndGlobal
